// !$*UTF8*$!
{
	archiveVersion = 1;
	classes = {
	};
	objectVersion = 48;
	objects = {

/* Begin PBXBuildFile section */
		460060042028C1EA0086F0D6 /* Residents.storyboard in Resources */ = {isa = PBXBuildFile; fileRef = 460060032028C1EA0086F0D6 /* Residents.storyboard */; };
		460060062028C1FC0086F0D6 /* Events.storyboard in Resources */ = {isa = PBXBuildFile; fileRef = 460060052028C1FC0086F0D6 /* Events.storyboard */; };
		460060082028C20D0086F0D6 /* Profile.storyboard in Resources */ = {isa = PBXBuildFile; fileRef = 460060072028C20D0086F0D6 /* Profile.storyboard */; };
		4600600A2028C2180086F0D6 /* Training.storyboard in Resources */ = {isa = PBXBuildFile; fileRef = 460060092028C2180086F0D6 /* Training.storyboard */; };
		4600600C2028DD3E0086F0D6 /* tabBarViewController.swift in Sources */ = {isa = PBXBuildFile; fileRef = 4600600B2028DD3E0086F0D6 /* tabBarViewController.swift */; };
		4600600E2028E5F00086F0D6 /* DutyViewController.swift in Sources */ = {isa = PBXBuildFile; fileRef = 4600600D2028E5F00086F0D6 /* DutyViewController.swift */; };
		460060102028E6180086F0D6 /* ResidentsViewController.swift in Sources */ = {isa = PBXBuildFile; fileRef = 4600600F2028E6180086F0D6 /* ResidentsViewController.swift */; };
		460060122028E6220086F0D6 /* EventsViewController.swift in Sources */ = {isa = PBXBuildFile; fileRef = 460060112028E6220086F0D6 /* EventsViewController.swift */; };
		460060142028E62C0086F0D6 /* ProfileViewController.swift in Sources */ = {isa = PBXBuildFile; fileRef = 460060132028E62C0086F0D6 /* ProfileViewController.swift */; };
		460060162028E6380086F0D6 /* TrainingViewController.swift in Sources */ = {isa = PBXBuildFile; fileRef = 460060152028E6380086F0D6 /* TrainingViewController.swift */; };
		4600601E202A29200086F0D6 /* AppStoryboard.swift in Sources */ = {isa = PBXBuildFile; fileRef = 4600601D202A29200086F0D6 /* AppStoryboard.swift */; };
		4629E6B0202BF85900915D33 /* Duty.storyboard in Resources */ = {isa = PBXBuildFile; fileRef = 4629E6AF202BF85900915D33 /* Duty.storyboard */; };
		4629E6B2202BFF9700915D33 /* TrainingNav.swift in Sources */ = {isa = PBXBuildFile; fileRef = 4629E6B1202BFF9700915D33 /* TrainingNav.swift */; };
		4629E6B4202C00B500915D33 /* ProfileNav.swift in Sources */ = {isa = PBXBuildFile; fileRef = 4629E6B3202C00B500915D33 /* ProfileNav.swift */; };
		4629E6B6202C00C600915D33 /* EventsNav.swift in Sources */ = {isa = PBXBuildFile; fileRef = 4629E6B5202C00C600915D33 /* EventsNav.swift */; };
		4629E6B8202C00D400915D33 /* ResidentsNav.swift in Sources */ = {isa = PBXBuildFile; fileRef = 4629E6B7202C00D400915D33 /* ResidentsNav.swift */; };
		4629E6BA202C00E700915D33 /* DutyNav.swift in Sources */ = {isa = PBXBuildFile; fileRef = 4629E6B9202C00E700915D33 /* DutyNav.swift */; };
		46D0519D202568730077A39B /* AppDelegate.swift in Sources */ = {isa = PBXBuildFile; fileRef = 46D0519C202568730077A39B /* AppDelegate.swift */; };
		46D0519F202568730077A39B /* ViewController.swift in Sources */ = {isa = PBXBuildFile; fileRef = 46D0519E202568730077A39B /* ViewController.swift */; };
		46D051A2202568730077A39B /* Main.storyboard in Resources */ = {isa = PBXBuildFile; fileRef = 46D051A0202568730077A39B /* Main.storyboard */; };
		46D051A4202568730077A39B /* Assets.xcassets in Resources */ = {isa = PBXBuildFile; fileRef = 46D051A3202568730077A39B /* Assets.xcassets */; };
		46D051A7202568730077A39B /* LaunchScreen.storyboard in Resources */ = {isa = PBXBuildFile; fileRef = 46D051A5202568730077A39B /* LaunchScreen.storyboard */; };
		46D051B2202568730077A39B /* Floor_MeetingTests.swift in Sources */ = {isa = PBXBuildFile; fileRef = 46D051B1202568730077A39B /* Floor_MeetingTests.swift */; };
		46D051BD202568730077A39B /* Floor_MeetingUITests.swift in Sources */ = {isa = PBXBuildFile; fileRef = 46D051BC202568730077A39B /* Floor_MeetingUITests.swift */; };
		46D051CB20258D830077A39B /* LoginViewController.swift in Sources */ = {isa = PBXBuildFile; fileRef = 46D051CA20258D830077A39B /* LoginViewController.swift */; };
/* End PBXBuildFile section */

/* Begin PBXContainerItemProxy section */
		46D051AE202568730077A39B /* PBXContainerItemProxy */ = {
			isa = PBXContainerItemProxy;
			containerPortal = 46D05191202568730077A39B /* Project object */;
			proxyType = 1;
			remoteGlobalIDString = 46D05198202568730077A39B;
			remoteInfo = "Floor Meeting";
		};
		46D051B9202568730077A39B /* PBXContainerItemProxy */ = {
			isa = PBXContainerItemProxy;
			containerPortal = 46D05191202568730077A39B /* Project object */;
			proxyType = 1;
			remoteGlobalIDString = 46D05198202568730077A39B;
			remoteInfo = "Floor Meeting";
		};
/* End PBXContainerItemProxy section */

/* Begin PBXFileReference section */
		460060032028C1EA0086F0D6 /* Residents.storyboard */ = {isa = PBXFileReference; lastKnownFileType = file.storyboard; path = Residents.storyboard; sourceTree = "<group>"; };
		460060052028C1FC0086F0D6 /* Events.storyboard */ = {isa = PBXFileReference; lastKnownFileType = file.storyboard; path = Events.storyboard; sourceTree = "<group>"; };
		460060072028C20D0086F0D6 /* Profile.storyboard */ = {isa = PBXFileReference; lastKnownFileType = file.storyboard; path = Profile.storyboard; sourceTree = "<group>"; };
		460060092028C2180086F0D6 /* Training.storyboard */ = {isa = PBXFileReference; lastKnownFileType = file.storyboard; path = Training.storyboard; sourceTree = "<group>"; };
		4600600B2028DD3E0086F0D6 /* tabBarViewController.swift */ = {isa = PBXFileReference; lastKnownFileType = sourcecode.swift; path = tabBarViewController.swift; sourceTree = "<group>"; };
		4600600D2028E5F00086F0D6 /* DutyViewController.swift */ = {isa = PBXFileReference; lastKnownFileType = sourcecode.swift; path = DutyViewController.swift; sourceTree = "<group>"; };
		4600600F2028E6180086F0D6 /* ResidentsViewController.swift */ = {isa = PBXFileReference; lastKnownFileType = sourcecode.swift; path = ResidentsViewController.swift; sourceTree = "<group>"; };
		460060112028E6220086F0D6 /* EventsViewController.swift */ = {isa = PBXFileReference; lastKnownFileType = sourcecode.swift; path = EventsViewController.swift; sourceTree = "<group>"; };
		460060132028E62C0086F0D6 /* ProfileViewController.swift */ = {isa = PBXFileReference; lastKnownFileType = sourcecode.swift; path = ProfileViewController.swift; sourceTree = "<group>"; };
		460060152028E6380086F0D6 /* TrainingViewController.swift */ = {isa = PBXFileReference; lastKnownFileType = sourcecode.swift; path = TrainingViewController.swift; sourceTree = "<group>"; };
		4600601D202A29200086F0D6 /* AppStoryboard.swift */ = {isa = PBXFileReference; lastKnownFileType = sourcecode.swift; path = AppStoryboard.swift; sourceTree = "<group>"; };
		4629E6AF202BF85900915D33 /* Duty.storyboard */ = {isa = PBXFileReference; lastKnownFileType = file.storyboard; path = Duty.storyboard; sourceTree = "<group>"; };
		4629E6B1202BFF9700915D33 /* TrainingNav.swift */ = {isa = PBXFileReference; lastKnownFileType = sourcecode.swift; path = TrainingNav.swift; sourceTree = "<group>"; };
		4629E6B3202C00B500915D33 /* ProfileNav.swift */ = {isa = PBXFileReference; lastKnownFileType = sourcecode.swift; path = ProfileNav.swift; sourceTree = "<group>"; };
		4629E6B5202C00C600915D33 /* EventsNav.swift */ = {isa = PBXFileReference; lastKnownFileType = sourcecode.swift; path = EventsNav.swift; sourceTree = "<group>"; };
		4629E6B7202C00D400915D33 /* ResidentsNav.swift */ = {isa = PBXFileReference; lastKnownFileType = sourcecode.swift; path = ResidentsNav.swift; sourceTree = "<group>"; };
		4629E6B9202C00E700915D33 /* DutyNav.swift */ = {isa = PBXFileReference; lastKnownFileType = sourcecode.swift; path = DutyNav.swift; sourceTree = "<group>"; };
		46D05199202568730077A39B /* Floor Meeting.app */ = {isa = PBXFileReference; explicitFileType = wrapper.application; includeInIndex = 0; path = "Floor Meeting.app"; sourceTree = BUILT_PRODUCTS_DIR; };
		46D0519C202568730077A39B /* AppDelegate.swift */ = {isa = PBXFileReference; lastKnownFileType = sourcecode.swift; path = AppDelegate.swift; sourceTree = "<group>"; };
		46D0519E202568730077A39B /* ViewController.swift */ = {isa = PBXFileReference; lastKnownFileType = sourcecode.swift; path = ViewController.swift; sourceTree = "<group>"; };
		46D051A1202568730077A39B /* Base */ = {isa = PBXFileReference; lastKnownFileType = file.storyboard; name = Base; path = Base.lproj/Main.storyboard; sourceTree = "<group>"; };
		46D051A3202568730077A39B /* Assets.xcassets */ = {isa = PBXFileReference; lastKnownFileType = folder.assetcatalog; path = Assets.xcassets; sourceTree = "<group>"; };
		46D051A6202568730077A39B /* Base */ = {isa = PBXFileReference; lastKnownFileType = file.storyboard; name = Base; path = Base.lproj/LaunchScreen.storyboard; sourceTree = "<group>"; };
		46D051A8202568730077A39B /* Info.plist */ = {isa = PBXFileReference; lastKnownFileType = text.plist.xml; path = Info.plist; sourceTree = "<group>"; };
		46D051AD202568730077A39B /* Floor MeetingTests.xctest */ = {isa = PBXFileReference; explicitFileType = wrapper.cfbundle; includeInIndex = 0; path = "Floor MeetingTests.xctest"; sourceTree = BUILT_PRODUCTS_DIR; };
		46D051B1202568730077A39B /* Floor_MeetingTests.swift */ = {isa = PBXFileReference; lastKnownFileType = sourcecode.swift; path = Floor_MeetingTests.swift; sourceTree = "<group>"; };
		46D051B3202568730077A39B /* Info.plist */ = {isa = PBXFileReference; lastKnownFileType = text.plist.xml; path = Info.plist; sourceTree = "<group>"; };
		46D051B8202568730077A39B /* Floor MeetingUITests.xctest */ = {isa = PBXFileReference; explicitFileType = wrapper.cfbundle; includeInIndex = 0; path = "Floor MeetingUITests.xctest"; sourceTree = BUILT_PRODUCTS_DIR; };
		46D051BC202568730077A39B /* Floor_MeetingUITests.swift */ = {isa = PBXFileReference; lastKnownFileType = sourcecode.swift; path = Floor_MeetingUITests.swift; sourceTree = "<group>"; };
		46D051BE202568730077A39B /* Info.plist */ = {isa = PBXFileReference; lastKnownFileType = text.plist.xml; path = Info.plist; sourceTree = "<group>"; };
		46D051CA20258D830077A39B /* LoginViewController.swift */ = {isa = PBXFileReference; lastKnownFileType = sourcecode.swift; path = LoginViewController.swift; sourceTree = "<group>"; };
/* End PBXFileReference section */

/* Begin PBXFrameworksBuildPhase section */
		46D05196202568730077A39B /* Frameworks */ = {
			isa = PBXFrameworksBuildPhase;
			buildActionMask = 2147483647;
			files = (
			);
			runOnlyForDeploymentPostprocessing = 0;
		};
		46D051AA202568730077A39B /* Frameworks */ = {
			isa = PBXFrameworksBuildPhase;
			buildActionMask = 2147483647;
			files = (
			);
			runOnlyForDeploymentPostprocessing = 0;
		};
		46D051B5202568730077A39B /* Frameworks */ = {
			isa = PBXFrameworksBuildPhase;
			buildActionMask = 2147483647;
			files = (
			);
			runOnlyForDeploymentPostprocessing = 0;
		};
/* End PBXFrameworksBuildPhase section */

/* Begin PBXGroup section */
		460060172028E64A0086F0D6 /* Duty */ = {
			isa = PBXGroup;
			children = (
				4629E6AF202BF85900915D33 /* Duty.storyboard */,
				4600600D2028E5F00086F0D6 /* DutyViewController.swift */,
				4629E6B9202C00E700915D33 /* DutyNav.swift */,
			);
			path = Duty;
			sourceTree = "<group>";
		};
		460060182028E65E0086F0D6 /* Residents */ = {
			isa = PBXGroup;
			children = (
				460060032028C1EA0086F0D6 /* Residents.storyboard */,
				4600600F2028E6180086F0D6 /* ResidentsViewController.swift */,
				4629E6B7202C00D400915D33 /* ResidentsNav.swift */,
			);
			path = Residents;
			sourceTree = "<group>";
		};
		460060192028E66B0086F0D6 /* Events */ = {
			isa = PBXGroup;
			children = (
				460060052028C1FC0086F0D6 /* Events.storyboard */,
				460060112028E6220086F0D6 /* EventsViewController.swift */,
				4629E6B5202C00C600915D33 /* EventsNav.swift */,
			);
			path = Events;
			sourceTree = "<group>";
		};
		4600601A2028E6750086F0D6 /* Profile */ = {
			isa = PBXGroup;
			children = (
				460060072028C20D0086F0D6 /* Profile.storyboard */,
				460060132028E62C0086F0D6 /* ProfileViewController.swift */,
				4629E6B3202C00B500915D33 /* ProfileNav.swift */,
			);
			path = Profile;
			sourceTree = "<group>";
		};
		4600601B2028E67E0086F0D6 /* Training */ = {
			isa = PBXGroup;
			children = (
				460060092028C2180086F0D6 /* Training.storyboard */,
				460060152028E6380086F0D6 /* TrainingViewController.swift */,
				4629E6B1202BFF9700915D33 /* TrainingNav.swift */,
			);
			path = Training;
			sourceTree = "<group>";
		};
		4600601C2028E6A60086F0D6 /* Login */ = {
			isa = PBXGroup;
			children = (
				46D051A0202568730077A39B /* Main.storyboard */,
				4600600B2028DD3E0086F0D6 /* tabBarViewController.swift */,
				46D051CA20258D830077A39B /* LoginViewController.swift */,
			);
			path = Login;
			sourceTree = "<group>";
		};
		46D05190202568730077A39B = {
			isa = PBXGroup;
			children = (
				46D0519B202568730077A39B /* Floor Meeting */,
				46D051B0202568730077A39B /* Floor MeetingTests */,
				46D051BB202568730077A39B /* Floor MeetingUITests */,
				46D0519A202568730077A39B /* Products */,
			);
			sourceTree = "<group>";
		};
		46D0519A202568730077A39B /* Products */ = {
			isa = PBXGroup;
			children = (
				46D05199202568730077A39B /* Floor Meeting.app */,
				46D051AD202568730077A39B /* Floor MeetingTests.xctest */,
				46D051B8202568730077A39B /* Floor MeetingUITests.xctest */,
			);
			name = Products;
			sourceTree = "<group>";
		};
		46D0519B202568730077A39B /* Floor Meeting */ = {
			isa = PBXGroup;
			children = (
				46D0519C202568730077A39B /* AppDelegate.swift */,
				46D0519E202568730077A39B /* ViewController.swift */,
				4600601D202A29200086F0D6 /* AppStoryboard.swift */,
				4600601C2028E6A60086F0D6 /* Login */,
				46D051A3202568730077A39B /* Assets.xcassets */,
				46D051A5202568730077A39B /* LaunchScreen.storyboard */,
				46D051A8202568730077A39B /* Info.plist */,
				460060172028E64A0086F0D6 /* Duty */,
				460060182028E65E0086F0D6 /* Residents */,
				460060192028E66B0086F0D6 /* Events */,
				4600601A2028E6750086F0D6 /* Profile */,
				4600601B2028E67E0086F0D6 /* Training */,
			);
			path = "Floor Meeting";
			sourceTree = "<group>";
		};
		46D051B0202568730077A39B /* Floor MeetingTests */ = {
			isa = PBXGroup;
			children = (
				46D051B1202568730077A39B /* Floor_MeetingTests.swift */,
				46D051B3202568730077A39B /* Info.plist */,
			);
			path = "Floor MeetingTests";
			sourceTree = "<group>";
		};
		46D051BB202568730077A39B /* Floor MeetingUITests */ = {
			isa = PBXGroup;
			children = (
				46D051BC202568730077A39B /* Floor_MeetingUITests.swift */,
				46D051BE202568730077A39B /* Info.plist */,
			);
			path = "Floor MeetingUITests";
			sourceTree = "<group>";
		};
/* End PBXGroup section */

/* Begin PBXNativeTarget section */
		46D05198202568730077A39B /* Floor Meeting */ = {
			isa = PBXNativeTarget;
			buildConfigurationList = 46D051C1202568730077A39B /* Build configuration list for PBXNativeTarget "Floor Meeting" */;
			buildPhases = (
				46D05195202568730077A39B /* Sources */,
				46D05196202568730077A39B /* Frameworks */,
				46D05197202568730077A39B /* Resources */,
			);
			buildRules = (
			);
			dependencies = (
			);
			name = "Floor Meeting";
			productName = "Floor Meeting";
			productReference = 46D05199202568730077A39B /* Floor Meeting.app */;
			productType = "com.apple.product-type.application";
		};
		46D051AC202568730077A39B /* Floor MeetingTests */ = {
			isa = PBXNativeTarget;
			buildConfigurationList = 46D051C4202568730077A39B /* Build configuration list for PBXNativeTarget "Floor MeetingTests" */;
			buildPhases = (
				46D051A9202568730077A39B /* Sources */,
				46D051AA202568730077A39B /* Frameworks */,
				46D051AB202568730077A39B /* Resources */,
			);
			buildRules = (
			);
			dependencies = (
				46D051AF202568730077A39B /* PBXTargetDependency */,
			);
			name = "Floor MeetingTests";
			productName = "Floor MeetingTests";
			productReference = 46D051AD202568730077A39B /* Floor MeetingTests.xctest */;
			productType = "com.apple.product-type.bundle.unit-test";
		};
		46D051B7202568730077A39B /* Floor MeetingUITests */ = {
			isa = PBXNativeTarget;
			buildConfigurationList = 46D051C7202568730077A39B /* Build configuration list for PBXNativeTarget "Floor MeetingUITests" */;
			buildPhases = (
				46D051B4202568730077A39B /* Sources */,
				46D051B5202568730077A39B /* Frameworks */,
				46D051B6202568730077A39B /* Resources */,
			);
			buildRules = (
			);
			dependencies = (
				46D051BA202568730077A39B /* PBXTargetDependency */,
			);
			name = "Floor MeetingUITests";
			productName = "Floor MeetingUITests";
			productReference = 46D051B8202568730077A39B /* Floor MeetingUITests.xctest */;
			productType = "com.apple.product-type.bundle.ui-testing";
		};
/* End PBXNativeTarget section */

/* Begin PBXProject section */
		46D05191202568730077A39B /* Project object */ = {
			isa = PBXProject;
			attributes = {
				LastSwiftUpdateCheck = 0920;
				LastUpgradeCheck = 0920;
				ORGANIZATIONNAME = "Joel McElwee";
				TargetAttributes = {
					46D05198202568730077A39B = {
						CreatedOnToolsVersion = 9.2;
						ProvisioningStyle = Automatic;
					};
					46D051AC202568730077A39B = {
						CreatedOnToolsVersion = 9.2;
						ProvisioningStyle = Automatic;
						TestTargetID = 46D05198202568730077A39B;
					};
					46D051B7202568730077A39B = {
						CreatedOnToolsVersion = 9.2;
						ProvisioningStyle = Automatic;
						TestTargetID = 46D05198202568730077A39B;
					};
				};
			};
			buildConfigurationList = 46D05194202568730077A39B /* Build configuration list for PBXProject "Floor Meeting" */;
			compatibilityVersion = "Xcode 8.0";
			developmentRegion = en;
			hasScannedForEncodings = 0;
			knownRegions = (
				en,
				Base,
			);
			mainGroup = 46D05190202568730077A39B;
			productRefGroup = 46D0519A202568730077A39B /* Products */;
			projectDirPath = "";
			projectRoot = "";
			targets = (
				46D05198202568730077A39B /* Floor Meeting */,
				46D051AC202568730077A39B /* Floor MeetingTests */,
				46D051B7202568730077A39B /* Floor MeetingUITests */,
			);
		};
/* End PBXProject section */

/* Begin PBXResourcesBuildPhase section */
		46D05197202568730077A39B /* Resources */ = {
			isa = PBXResourcesBuildPhase;
			buildActionMask = 2147483647;
			files = (
				460060042028C1EA0086F0D6 /* Residents.storyboard in Resources */,
				46D051A7202568730077A39B /* LaunchScreen.storyboard in Resources */,
				46D051A4202568730077A39B /* Assets.xcassets in Resources */,
				46D051A2202568730077A39B /* Main.storyboard in Resources */,
				4629E6B0202BF85900915D33 /* Duty.storyboard in Resources */,
				460060082028C20D0086F0D6 /* Profile.storyboard in Resources */,
				4600600A2028C2180086F0D6 /* Training.storyboard in Resources */,
				460060062028C1FC0086F0D6 /* Events.storyboard in Resources */,
			);
			runOnlyForDeploymentPostprocessing = 0;
		};
		46D051AB202568730077A39B /* Resources */ = {
			isa = PBXResourcesBuildPhase;
			buildActionMask = 2147483647;
			files = (
			);
			runOnlyForDeploymentPostprocessing = 0;
		};
		46D051B6202568730077A39B /* Resources */ = {
			isa = PBXResourcesBuildPhase;
			buildActionMask = 2147483647;
			files = (
			);
			runOnlyForDeploymentPostprocessing = 0;
		};
/* End PBXResourcesBuildPhase section */

/* Begin PBXSourcesBuildPhase section */
		46D05195202568730077A39B /* Sources */ = {
			isa = PBXSourcesBuildPhase;
			buildActionMask = 2147483647;
			files = (
				4629E6BA202C00E700915D33 /* DutyNav.swift in Sources */,
				4600601E202A29200086F0D6 /* AppStoryboard.swift in Sources */,
				4629E6B6202C00C600915D33 /* EventsNav.swift in Sources */,
				460060162028E6380086F0D6 /* TrainingViewController.swift in Sources */,
				4629E6B8202C00D400915D33 /* ResidentsNav.swift in Sources */,
				4600600C2028DD3E0086F0D6 /* tabBarViewController.swift in Sources */,
				46D051CB20258D830077A39B /* LoginViewController.swift in Sources */,
				4629E6B2202BFF9700915D33 /* TrainingNav.swift in Sources */,
				460060102028E6180086F0D6 /* ResidentsViewController.swift in Sources */,
				46D0519F202568730077A39B /* ViewController.swift in Sources */,
				460060122028E6220086F0D6 /* EventsViewController.swift in Sources */,
				4600600E2028E5F00086F0D6 /* DutyViewController.swift in Sources */,
				4629E6B4202C00B500915D33 /* ProfileNav.swift in Sources */,
				460060142028E62C0086F0D6 /* ProfileViewController.swift in Sources */,
				46D0519D202568730077A39B /* AppDelegate.swift in Sources */,
			);
			runOnlyForDeploymentPostprocessing = 0;
		};
		46D051A9202568730077A39B /* Sources */ = {
			isa = PBXSourcesBuildPhase;
			buildActionMask = 2147483647;
			files = (
				46D051B2202568730077A39B /* Floor_MeetingTests.swift in Sources */,
			);
			runOnlyForDeploymentPostprocessing = 0;
		};
		46D051B4202568730077A39B /* Sources */ = {
			isa = PBXSourcesBuildPhase;
			buildActionMask = 2147483647;
			files = (
				46D051BD202568730077A39B /* Floor_MeetingUITests.swift in Sources */,
			);
			runOnlyForDeploymentPostprocessing = 0;
		};
/* End PBXSourcesBuildPhase section */

/* Begin PBXTargetDependency section */
		46D051AF202568730077A39B /* PBXTargetDependency */ = {
			isa = PBXTargetDependency;
			target = 46D05198202568730077A39B /* Floor Meeting */;
			targetProxy = 46D051AE202568730077A39B /* PBXContainerItemProxy */;
		};
		46D051BA202568730077A39B /* PBXTargetDependency */ = {
			isa = PBXTargetDependency;
			target = 46D05198202568730077A39B /* Floor Meeting */;
			targetProxy = 46D051B9202568730077A39B /* PBXContainerItemProxy */;
		};
/* End PBXTargetDependency section */

/* Begin PBXVariantGroup section */
		46D051A0202568730077A39B /* Main.storyboard */ = {
			isa = PBXVariantGroup;
			children = (
				46D051A1202568730077A39B /* Base */,
			);
			name = Main.storyboard;
			sourceTree = "<group>";
		};
		46D051A5202568730077A39B /* LaunchScreen.storyboard */ = {
			isa = PBXVariantGroup;
			children = (
				46D051A6202568730077A39B /* Base */,
			);
			name = LaunchScreen.storyboard;
			sourceTree = "<group>";
		};
/* End PBXVariantGroup section */

/* Begin XCBuildConfiguration section */
		46D051BF202568730077A39B /* Debug */ = {
			isa = XCBuildConfiguration;
			buildSettings = {
				ALWAYS_SEARCH_USER_PATHS = NO;
				CLANG_ANALYZER_NONNULL = YES;
				CLANG_ANALYZER_NUMBER_OBJECT_CONVERSION = YES_AGGRESSIVE;
				CLANG_CXX_LANGUAGE_STANDARD = "gnu++14";
				CLANG_CXX_LIBRARY = "libc++";
				CLANG_ENABLE_MODULES = YES;
				CLANG_ENABLE_OBJC_ARC = YES;
				CLANG_WARN_BLOCK_CAPTURE_AUTORELEASING = YES;
				CLANG_WARN_BOOL_CONVERSION = YES;
				CLANG_WARN_COMMA = YES;
				CLANG_WARN_CONSTANT_CONVERSION = YES;
				CLANG_WARN_DIRECT_OBJC_ISA_USAGE = YES_ERROR;
				CLANG_WARN_DOCUMENTATION_COMMENTS = YES;
				CLANG_WARN_EMPTY_BODY = YES;
				CLANG_WARN_ENUM_CONVERSION = YES;
				CLANG_WARN_INFINITE_RECURSION = YES;
				CLANG_WARN_INT_CONVERSION = YES;
				CLANG_WARN_NON_LITERAL_NULL_CONVERSION = YES;
				CLANG_WARN_OBJC_LITERAL_CONVERSION = YES;
				CLANG_WARN_OBJC_ROOT_CLASS = YES_ERROR;
				CLANG_WARN_RANGE_LOOP_ANALYSIS = YES;
				CLANG_WARN_STRICT_PROTOTYPES = YES;
				CLANG_WARN_SUSPICIOUS_MOVE = YES;
				CLANG_WARN_UNGUARDED_AVAILABILITY = YES_AGGRESSIVE;
				CLANG_WARN_UNREACHABLE_CODE = YES;
				CLANG_WARN__DUPLICATE_METHOD_MATCH = YES;
				CODE_SIGN_IDENTITY = "iPhone Developer";
				COPY_PHASE_STRIP = NO;
				DEBUG_INFORMATION_FORMAT = dwarf;
				ENABLE_STRICT_OBJC_MSGSEND = YES;
				ENABLE_TESTABILITY = YES;
				GCC_C_LANGUAGE_STANDARD = gnu11;
				GCC_DYNAMIC_NO_PIC = NO;
				GCC_NO_COMMON_BLOCKS = YES;
				GCC_OPTIMIZATION_LEVEL = 0;
				GCC_PREPROCESSOR_DEFINITIONS = (
					"DEBUG=1",
					"$(inherited)",
				);
				GCC_WARN_64_TO_32_BIT_CONVERSION = YES;
				GCC_WARN_ABOUT_RETURN_TYPE = YES_ERROR;
				GCC_WARN_UNDECLARED_SELECTOR = YES;
				GCC_WARN_UNINITIALIZED_AUTOS = YES_AGGRESSIVE;
				GCC_WARN_UNUSED_FUNCTION = YES;
				GCC_WARN_UNUSED_VARIABLE = YES;
				IPHONEOS_DEPLOYMENT_TARGET = 11.2;
				MTL_ENABLE_DEBUG_INFO = YES;
				ONLY_ACTIVE_ARCH = YES;
				SDKROOT = iphoneos;
				SWIFT_ACTIVE_COMPILATION_CONDITIONS = DEBUG;
				SWIFT_OPTIMIZATION_LEVEL = "-Onone";
			};
			name = Debug;
		};
		46D051C0202568730077A39B /* Release */ = {
			isa = XCBuildConfiguration;
			buildSettings = {
				ALWAYS_SEARCH_USER_PATHS = NO;
				CLANG_ANALYZER_NONNULL = YES;
				CLANG_ANALYZER_NUMBER_OBJECT_CONVERSION = YES_AGGRESSIVE;
				CLANG_CXX_LANGUAGE_STANDARD = "gnu++14";
				CLANG_CXX_LIBRARY = "libc++";
				CLANG_ENABLE_MODULES = YES;
				CLANG_ENABLE_OBJC_ARC = YES;
				CLANG_WARN_BLOCK_CAPTURE_AUTORELEASING = YES;
				CLANG_WARN_BOOL_CONVERSION = YES;
				CLANG_WARN_COMMA = YES;
				CLANG_WARN_CONSTANT_CONVERSION = YES;
				CLANG_WARN_DIRECT_OBJC_ISA_USAGE = YES_ERROR;
				CLANG_WARN_DOCUMENTATION_COMMENTS = YES;
				CLANG_WARN_EMPTY_BODY = YES;
				CLANG_WARN_ENUM_CONVERSION = YES;
				CLANG_WARN_INFINITE_RECURSION = YES;
				CLANG_WARN_INT_CONVERSION = YES;
				CLANG_WARN_NON_LITERAL_NULL_CONVERSION = YES;
				CLANG_WARN_OBJC_LITERAL_CONVERSION = YES;
				CLANG_WARN_OBJC_ROOT_CLASS = YES_ERROR;
				CLANG_WARN_RANGE_LOOP_ANALYSIS = YES;
				CLANG_WARN_STRICT_PROTOTYPES = YES;
				CLANG_WARN_SUSPICIOUS_MOVE = YES;
				CLANG_WARN_UNGUARDED_AVAILABILITY = YES_AGGRESSIVE;
				CLANG_WARN_UNREACHABLE_CODE = YES;
				CLANG_WARN__DUPLICATE_METHOD_MATCH = YES;
				CODE_SIGN_IDENTITY = "iPhone Developer";
				COPY_PHASE_STRIP = NO;
				DEBUG_INFORMATION_FORMAT = "dwarf-with-dsym";
				ENABLE_NS_ASSERTIONS = NO;
				ENABLE_STRICT_OBJC_MSGSEND = YES;
				GCC_C_LANGUAGE_STANDARD = gnu11;
				GCC_NO_COMMON_BLOCKS = YES;
				GCC_WARN_64_TO_32_BIT_CONVERSION = YES;
				GCC_WARN_ABOUT_RETURN_TYPE = YES_ERROR;
				GCC_WARN_UNDECLARED_SELECTOR = YES;
				GCC_WARN_UNINITIALIZED_AUTOS = YES_AGGRESSIVE;
				GCC_WARN_UNUSED_FUNCTION = YES;
				GCC_WARN_UNUSED_VARIABLE = YES;
				IPHONEOS_DEPLOYMENT_TARGET = 11.2;
				MTL_ENABLE_DEBUG_INFO = NO;
				SDKROOT = iphoneos;
				SWIFT_OPTIMIZATION_LEVEL = "-Owholemodule";
				VALIDATE_PRODUCT = YES;
			};
			name = Release;
		};
		46D051C2202568730077A39B /* Debug */ = {
			isa = XCBuildConfiguration;
			buildSettings = {
				ASSETCATALOG_COMPILER_APPICON_NAME = AppIcon;
				CODE_SIGN_STYLE = Automatic;
				DEVELOPMENT_TEAM = Y94ESR97K7;
				INFOPLIST_FILE = "Floor Meeting/Info.plist";
				LD_RUNPATH_SEARCH_PATHS = "$(inherited) @executable_path/Frameworks";
				PRODUCT_BUNDLE_IDENTIFIER = "Floor-Meeting.Floor-Meeting";
				PRODUCT_NAME = "$(TARGET_NAME)";
				SWIFT_VERSION = 4.0;
				TARGETED_DEVICE_FAMILY = "1,2";
			};
			name = Debug;
		};
		46D051C3202568730077A39B /* Release */ = {
			isa = XCBuildConfiguration;
			buildSettings = {
				ASSETCATALOG_COMPILER_APPICON_NAME = AppIcon;
				CODE_SIGN_STYLE = Automatic;
				DEVELOPMENT_TEAM = Y94ESR97K7;
				INFOPLIST_FILE = "Floor Meeting/Info.plist";
				LD_RUNPATH_SEARCH_PATHS = "$(inherited) @executable_path/Frameworks";
				PRODUCT_BUNDLE_IDENTIFIER = "Floor-Meeting.Floor-Meeting";
				PRODUCT_NAME = "$(TARGET_NAME)";
				SWIFT_VERSION = 4.0;
				TARGETED_DEVICE_FAMILY = "1,2";
			};
			name = Release;
		};
		46D051C5202568730077A39B /* Debug */ = {
			isa = XCBuildConfiguration;
			buildSettings = {
				ALWAYS_EMBED_SWIFT_STANDARD_LIBRARIES = YES;
				BUNDLE_LOADER = "$(TEST_HOST)";
				CODE_SIGN_STYLE = Automatic;
				DEVELOPMENT_TEAM = Y94ESR97K7;
				INFOPLIST_FILE = "Floor MeetingTests/Info.plist";
				LD_RUNPATH_SEARCH_PATHS = "$(inherited) @executable_path/Frameworks @loader_path/Frameworks";
				PRODUCT_BUNDLE_IDENTIFIER = "Floor-Meeting.Floor-MeetingTests";
				PRODUCT_NAME = "$(TARGET_NAME)";
				SWIFT_VERSION = 4.0;
				TARGETED_DEVICE_FAMILY = "1,2";
				TEST_HOST = "$(BUILT_PRODUCTS_DIR)/Floor Meeting.app/Floor Meeting";
			};
			name = Debug;
		};
		46D051C6202568730077A39B /* Release */ = {
			isa = XCBuildConfiguration;
			buildSettings = {
				ALWAYS_EMBED_SWIFT_STANDARD_LIBRARIES = YES;
				BUNDLE_LOADER = "$(TEST_HOST)";
				CODE_SIGN_STYLE = Automatic;
				DEVELOPMENT_TEAM = Y94ESR97K7;
				INFOPLIST_FILE = "Floor MeetingTests/Info.plist";
				LD_RUNPATH_SEARCH_PATHS = "$(inherited) @executable_path/Frameworks @loader_path/Frameworks";
				PRODUCT_BUNDLE_IDENTIFIER = "Floor-Meeting.Floor-MeetingTests";
				PRODUCT_NAME = "$(TARGET_NAME)";
				SWIFT_VERSION = 4.0;
				TARGETED_DEVICE_FAMILY = "1,2";
				TEST_HOST = "$(BUILT_PRODUCTS_DIR)/Floor Meeting.app/Floor Meeting";
			};
			name = Release;
		};
		46D051C8202568730077A39B /* Debug */ = {
			isa = XCBuildConfiguration;
			buildSettings = {
				ALWAYS_EMBED_SWIFT_STANDARD_LIBRARIES = YES;
				CODE_SIGN_STYLE = Automatic;
				DEVELOPMENT_TEAM = Y94ESR97K7;
				INFOPLIST_FILE = "Floor MeetingUITests/Info.plist";
				LD_RUNPATH_SEARCH_PATHS = "$(inherited) @executable_path/Frameworks @loader_path/Frameworks";
				PRODUCT_BUNDLE_IDENTIFIER = "Floor-Meeting.Floor-MeetingUITests";
				PRODUCT_NAME = "$(TARGET_NAME)";
				SWIFT_VERSION = 4.0;
				TARGETED_DEVICE_FAMILY = "1,2";
				TEST_TARGET_NAME = "Floor Meeting";
			};
			name = Debug;
		};
		46D051C9202568730077A39B /* Release */ = {
			isa = XCBuildConfiguration;
			buildSettings = {
				ALWAYS_EMBED_SWIFT_STANDARD_LIBRARIES = YES;
				CODE_SIGN_STYLE = Automatic;
				DEVELOPMENT_TEAM = Y94ESR97K7;
				INFOPLIST_FILE = "Floor MeetingUITests/Info.plist";
				LD_RUNPATH_SEARCH_PATHS = "$(inherited) @executable_path/Frameworks @loader_path/Frameworks";
				PRODUCT_BUNDLE_IDENTIFIER = "Floor-Meeting.Floor-MeetingUITests";
				PRODUCT_NAME = "$(TARGET_NAME)";
				SWIFT_VERSION = 4.0;
				TARGETED_DEVICE_FAMILY = "1,2";
				TEST_TARGET_NAME = "Floor Meeting";
			};
			name = Release;
		};
/* End XCBuildConfiguration section */

/* Begin XCConfigurationList section */
		46D05194202568730077A39B /* Build configuration list for PBXProject "Floor Meeting" */ = {
			isa = XCConfigurationList;
			buildConfigurations = (
				46D051BF202568730077A39B /* Debug */,
				46D051C0202568730077A39B /* Release */,
			);
			defaultConfigurationIsVisible = 0;
			defaultConfigurationName = Release;
		};
		46D051C1202568730077A39B /* Build configuration list for PBXNativeTarget "Floor Meeting" */ = {
			isa = XCConfigurationList;
			buildConfigurations = (
				46D051C2202568730077A39B /* Debug */,
				46D051C3202568730077A39B /* Release */,
			);
			defaultConfigurationIsVisible = 0;
			defaultConfigurationName = Release;
		};
		46D051C4202568730077A39B /* Build configuration list for PBXNativeTarget "Floor MeetingTests" */ = {
			isa = XCConfigurationList;
			buildConfigurations = (
				46D051C5202568730077A39B /* Debug */,
				46D051C6202568730077A39B /* Release */,
			);
			defaultConfigurationIsVisible = 0;
			defaultConfigurationName = Release;
		};
		46D051C7202568730077A39B /* Build configuration list for PBXNativeTarget "Floor MeetingUITests" */ = {
			isa = XCConfigurationList;
			buildConfigurations = (
				46D051C8202568730077A39B /* Debug */,
				46D051C9202568730077A39B /* Release */,
			);
			defaultConfigurationIsVisible = 0;
			defaultConfigurationName = Release;
		};
/* End XCConfigurationList section */
	};
	rootObject = 46D05191202568730077A39B /* Project object */;
}
